
Microsoft Visual Studio Solution File, Format Version 12.00
# Visual Studio Version 16
VisualStudioVersion = 16.0.29728.190
MinimumVisualStudioVersion = 10.0.40219.1
Project("{9A19103F-16F7-4668-BE54-9A1E7A4F7556}") = "Lab2Phase1", "Lab2Phase1.csproj", "{C38BB45E-D072-462D-B5E5-23DE744C07FB}"
EndProject
Global
	GlobalSection(SolutionConfigurationPlatforms) = preSolution
		Debug|Any CPU = Debug|Any CPU
		Release|Any CPU = Release|Any CPU
	EndGlobalSection
	GlobalSection(ProjectConfigurationPlatforms) = postSolution
		{C38BB45E-D072-462D-B5E5-23DE744C07FB}.Debug|Any CPU.ActiveCfg = Debug|Any CPU
		{C38BB45E-D072-462D-B5E5-23DE744C07FB}.Debug|Any CPU.Build.0 = Debug|Any CPU
		{C38BB45E-D072-462D-B5E5-23DE744C07FB}.Release|Any CPU.ActiveCfg = Release|Any CPU
		{C38BB45E-D072-462D-B5E5-23DE744C07FB}.Release|Any CPU.Build.0 = Release|Any CPU
	EndGlobalSection
	GlobalSection(SolutionProperties) = preSolution
		HideSolutionNode = FALSE
	EndGlobalSection
	GlobalSection(ExtensibilityGlobals) = postSolution
		SolutionGuid = {7CA79F53-20EE-423B-B1B6-94A4B1F42DDD}
	EndGlobalSection
EndGlobal
